
Microsoft Visual Studio Solution File, Format Version 12.00
# Visual Studio Version 17
VisualStudioVersion = 17.4.33205.214
MinimumVisualStudioVersion = 10.0.40219.1
Project("{FAE04EC0-301F-11D3-BF4B-00C04F79EFBC}") = "MyClmProject", "MyClmProject\MyClmProject.csproj", "{21D58EAE-4CB5-41B1-9057-0F1D587D4F00}"
EndProject
Global
	GlobalSection(SolutionConfigurationPlatforms) = preSolution
		Debug|Any CPU = Debug|Any CPU
		Release|Any CPU = Release|Any CPU
	EndGlobalSection
	GlobalSection(ProjectConfigurationPlatforms) = postSolution
		{21D58EAE-4CB5-41B1-9057-0F1D587D4F00}.Debug|Any CPU.ActiveCfg = Debug|Any CPU
		{21D58EAE-4CB5-41B1-9057-0F1D587D4F00}.Debug|Any CPU.Build.0 = Debug|Any CPU
		{21D58EAE-4CB5-41B1-9057-0F1D587D4F00}.Release|Any CPU.ActiveCfg = Release|Any CPU
		{21D58EAE-4CB5-41B1-9057-0F1D587D4F00}.Release|Any CPU.Build.0 = Release|Any CPU
	EndGlobalSection
	GlobalSection(SolutionProperties) = preSolution
		HideSolutionNode = FALSE
	EndGlobalSection
	GlobalSection(ExtensibilityGlobals) = postSolution
		SolutionGuid = {39219C78-1E4C-4E9B-98FE-A97F86DC4152}
	EndGlobalSection
EndGlobal
